// !$*UTF8*$!
{
	archiveVersion = 1;
	classes = {
	};
	objectVersion = 46;
	objects = {

/* Begin PBXBuildFile section */
		D319BB6D145CE32800D2CDB3 /* UIKit.framework in Frameworks */ = {isa = PBXBuildFile; fileRef = D319BB6C145CE32800D2CDB3 /* UIKit.framework */; };
		D319BB6F145CE32900D2CDB3 /* Foundation.framework in Frameworks */ = {isa = PBXBuildFile; fileRef = D319BB6E145CE32800D2CDB3 /* Foundation.framework */; };
		D319BB71145CE32900D2CDB3 /* CoreGraphics.framework in Frameworks */ = {isa = PBXBuildFile; fileRef = D319BB70145CE32900D2CDB3 /* CoreGraphics.framework */; };
		D319BB77145CE32900D2CDB3 /* InfoPlist.strings in Resources */ = {isa = PBXBuildFile; fileRef = D319BB75145CE32900D2CDB3 /* InfoPlist.strings */; };
		D319BB79145CE32900D2CDB3 /* main.m in Sources */ = {isa = PBXBuildFile; fileRef = D319BB78145CE32900D2CDB3 /* main.m */; };
		D319BB7D145CE32900D2CDB3 /* AppDelegate.m in Sources */ = {isa = PBXBuildFile; fileRef = D319BB7C145CE32900D2CDB3 /* AppDelegate.m */; };
		D319BB80145CE32900D2CDB3 /* MainViewController.m in Sources */ = {isa = PBXBuildFile; fileRef = D319BB7F145CE32900D2CDB3 /* MainViewController.m */; };
		D319BB86145CE32900D2CDB3 /* MainViewController.xib in Resources */ = {isa = PBXBuildFile; fileRef = D319BB84145CE32900D2CDB3 /* MainViewController.xib */; };
		D319BB91145CE32900D2CDB3 /* SenTestingKit.framework in Frameworks */ = {isa = PBXBuildFile; fileRef = D319BB90145CE32900D2CDB3 /* SenTestingKit.framework */; };
		D319BB92145CE32900D2CDB3 /* UIKit.framework in Frameworks */ = {isa = PBXBuildFile; fileRef = D319BB6C145CE32800D2CDB3 /* UIKit.framework */; };
		D319BB93145CE32900D2CDB3 /* Foundation.framework in Frameworks */ = {isa = PBXBuildFile; fileRef = D319BB6E145CE32800D2CDB3 /* Foundation.framework */; };
		D319BB9B145CE32900D2CDB3 /* InfoPlist.strings in Resources */ = {isa = PBXBuildFile; fileRef = D319BB99145CE32900D2CDB3 /* InfoPlist.strings */; };
		D319BB9E145CE32900D2CDB3 /* SyntheticServerTestTests.m in Sources */ = {isa = PBXBuildFile; fileRef = D319BB9D145CE32900D2CDB3 /* SyntheticServerTestTests.m */; };
		D319BBB6145CE87E00D2CDB3 /* CFNetwork.framework in Frameworks */ = {isa = PBXBuildFile; fileRef = D319BBB5145CE87E00D2CDB3 /* CFNetwork.framework */; };
		D319BBB7145CE88800D2CDB3 /* CFNetwork.framework in Frameworks */ = {isa = PBXBuildFile; fileRef = D319BBB5145CE87E00D2CDB3 /* CFNetwork.framework */; };
		D319BBC5145CF9C600D2CDB3 /* carlbrown.json in Resources */ = {isa = PBXBuildFile; fileRef = D319BBC2145CF9C600D2CDB3 /* carlbrown.json */; };
		D319BBC6145CF9C600D2CDB3 /* RegexONNSString.atom in Resources */ = {isa = PBXBuildFile; fileRef = D319BBC3145CF9C600D2CDB3 /* RegexONNSString.atom */; };
		D319BBC7145CF9C600D2CDB3 /* RegexOnNSString.json in Resources */ = {isa = PBXBuildFile; fileRef = D319BBC4145CF9C600D2CDB3 /* RegexOnNSString.json */; };
		D319BBD4145D0CAD00D2CDB3 /* GTMHTTPServer.m in Sources */ = {isa = PBXBuildFile; fileRef = D319BBCC145D0CAD00D2CDB3 /* GTMHTTPServer.m */; settings = {COMPILER_FLAGS = "-fno-objc-arc"; }; };
		D319BBD5145D0CAD00D2CDB3 /* GTMRegex.m in Sources */ = {isa = PBXBuildFile; fileRef = D319BBCE145D0CAD00D2CDB3 /* GTMRegex.m */; };
		D319BBD6145D0CAD00D2CDB3 /* GTMTestHTTPServer.m in Sources */ = {isa = PBXBuildFile; fileRef = D319BBD0145D0CAD00D2CDB3 /* GTMTestHTTPServer.m */; };
		D319BBD7145D0CAD00D2CDB3 /* PDBackgroundHTTPServer.m in Sources */ = {isa = PBXBuildFile; fileRef = D319BBD3145D0CAD00D2CDB3 /* PDBackgroundHTTPServer.m */; };
/* End PBXBuildFile section */

/* Begin PBXContainerItemProxy section */
		D319BB94145CE32900D2CDB3 /* PBXContainerItemProxy */ = {
			isa = PBXContainerItemProxy;
			containerPortal = D319BB5F145CE32800D2CDB3 /* Project object */;
			proxyType = 1;
			remoteGlobalIDString = D319BB67145CE32800D2CDB3;
			remoteInfo = SyntheticServerTest;
		};
/* End PBXContainerItemProxy section */

/* Begin PBXFileReference section */
		D319BB68145CE32800D2CDB3 /* SyntheticServerTest.app */ = {isa = PBXFileReference; explicitFileType = wrapper.application; includeInIndex = 0; path = SyntheticServerTest.app; sourceTree = BUILT_PRODUCTS_DIR; };
		D319BB6C145CE32800D2CDB3 /* UIKit.framework */ = {isa = PBXFileReference; lastKnownFileType = wrapper.framework; name = UIKit.framework; path = System/Library/Frameworks/UIKit.framework; sourceTree = SDKROOT; };
		D319BB6E145CE32800D2CDB3 /* Foundation.framework */ = {isa = PBXFileReference; lastKnownFileType = wrapper.framework; name = Foundation.framework; path = System/Library/Frameworks/Foundation.framework; sourceTree = SDKROOT; };
		D319BB70145CE32900D2CDB3 /* CoreGraphics.framework */ = {isa = PBXFileReference; lastKnownFileType = wrapper.framework; name = CoreGraphics.framework; path = System/Library/Frameworks/CoreGraphics.framework; sourceTree = SDKROOT; };
		D319BB74145CE32900D2CDB3 /* SyntheticServerTest-Info.plist */ = {isa = PBXFileReference; lastKnownFileType = text.plist.xml; path = "SyntheticServerTest-Info.plist"; sourceTree = "<group>"; };
		D319BB76145CE32900D2CDB3 /* en */ = {isa = PBXFileReference; lastKnownFileType = text.plist.strings; name = en; path = en.lproj/InfoPlist.strings; sourceTree = "<group>"; };
		D319BB78145CE32900D2CDB3 /* main.m */ = {isa = PBXFileReference; lastKnownFileType = sourcecode.c.objc; path = main.m; sourceTree = "<group>"; };
		D319BB7A145CE32900D2CDB3 /* SyntheticServerTest-Prefix.pch */ = {isa = PBXFileReference; lastKnownFileType = sourcecode.c.h; path = "SyntheticServerTest-Prefix.pch"; sourceTree = "<group>"; };
		D319BB7B145CE32900D2CDB3 /* AppDelegate.h */ = {isa = PBXFileReference; lastKnownFileType = sourcecode.c.h; path = AppDelegate.h; sourceTree = "<group>"; };
		D319BB7C145CE32900D2CDB3 /* AppDelegate.m */ = {isa = PBXFileReference; lastKnownFileType = sourcecode.c.objc; path = AppDelegate.m; sourceTree = "<group>"; };
		D319BB7E145CE32900D2CDB3 /* MainViewController.h */ = {isa = PBXFileReference; lastKnownFileType = sourcecode.c.h; path = MainViewController.h; sourceTree = "<group>"; };
		D319BB7F145CE32900D2CDB3 /* MainViewController.m */ = {isa = PBXFileReference; lastKnownFileType = sourcecode.c.objc; path = MainViewController.m; sourceTree = "<group>"; };
		D319BB85145CE32900D2CDB3 /* en */ = {isa = PBXFileReference; lastKnownFileType = file.xib; name = en; path = en.lproj/MainViewController.xib; sourceTree = "<group>"; };
		D319BB8F145CE32900D2CDB3 /* SyntheticServerTestTests.octest */ = {isa = PBXFileReference; explicitFileType = wrapper.cfbundle; includeInIndex = 0; path = SyntheticServerTestTests.octest; sourceTree = BUILT_PRODUCTS_DIR; };
		D319BB90145CE32900D2CDB3 /* SenTestingKit.framework */ = {isa = PBXFileReference; lastKnownFileType = wrapper.framework; name = SenTestingKit.framework; path = Library/Frameworks/SenTestingKit.framework; sourceTree = DEVELOPER_DIR; };
		D319BB98145CE32900D2CDB3 /* SyntheticServerTestTests-Info.plist */ = {isa = PBXFileReference; lastKnownFileType = text.plist.xml; path = "SyntheticServerTestTests-Info.plist"; sourceTree = "<group>"; };
		D319BB9A145CE32900D2CDB3 /* en */ = {isa = PBXFileReference; lastKnownFileType = text.plist.strings; name = en; path = en.lproj/InfoPlist.strings; sourceTree = "<group>"; };
		D319BB9D145CE32900D2CDB3 /* SyntheticServerTestTests.m */ = {isa = PBXFileReference; lastKnownFileType = sourcecode.c.objc; path = SyntheticServerTestTests.m; sourceTree = "<group>"; };
		D319BBB5145CE87E00D2CDB3 /* CFNetwork.framework */ = {isa = PBXFileReference; lastKnownFileType = wrapper.framework; name = CFNetwork.framework; path = System/Library/Frameworks/CFNetwork.framework; sourceTree = SDKROOT; };
		D319BBC2145CF9C600D2CDB3 /* carlbrown.json */ = {isa = PBXFileReference; fileEncoding = 4; lastKnownFileType = text.json; name = carlbrown.json; path = TestData/carlbrown.json; sourceTree = SOURCE_ROOT; };
		D319BBC3145CF9C600D2CDB3 /* RegexONNSString.atom */ = {isa = PBXFileReference; fileEncoding = 4; lastKnownFileType = text.xml; name = RegexONNSString.atom; path = TestData/RegexONNSString.atom; sourceTree = SOURCE_ROOT; };
		D319BBC4145CF9C600D2CDB3 /* RegexOnNSString.json */ = {isa = PBXFileReference; fileEncoding = 4; lastKnownFileType = text.json; name = RegexOnNSString.json; path = TestData/RegexOnNSString.json; sourceTree = SOURCE_ROOT; };
		D319BBC8145D0CAC00D2CDB3 /* GTMDebugSelectorValidation.h */ = {isa = PBXFileReference; fileEncoding = 4; lastKnownFileType = sourcecode.c.h; name = GTMDebugSelectorValidation.h; path = TestSupport/GTMDebugSelectorValidation.h; sourceTree = "<group>"; };
		D319BBC9145D0CAD00D2CDB3 /* GTMDefines.h */ = {isa = PBXFileReference; fileEncoding = 4; lastKnownFileType = sourcecode.c.h; name = GTMDefines.h; path = TestSupport/GTMDefines.h; sourceTree = "<group>"; };
		D319BBCA145D0CAD00D2CDB3 /* GTMGarbageCollection.h */ = {isa = PBXFileReference; fileEncoding = 4; lastKnownFileType = sourcecode.c.h; name = GTMGarbageCollection.h; path = TestSupport/GTMGarbageCollection.h; sourceTree = "<group>"; };
		D319BBCB145D0CAD00D2CDB3 /* GTMHTTPServer.h */ = {isa = PBXFileReference; fileEncoding = 4; lastKnownFileType = sourcecode.c.h; name = GTMHTTPServer.h; path = TestSupport/GTMHTTPServer.h; sourceTree = "<group>"; };
		D319BBCC145D0CAD00D2CDB3 /* GTMHTTPServer.m */ = {isa = PBXFileReference; fileEncoding = 4; lastKnownFileType = sourcecode.c.objc; name = GTMHTTPServer.m; path = TestSupport/GTMHTTPServer.m; sourceTree = "<group>"; };
		D319BBCD145D0CAD00D2CDB3 /* GTMRegex.h */ = {isa = PBXFileReference; fileEncoding = 4; lastKnownFileType = sourcecode.c.h; name = GTMRegex.h; path = TestSupport/GTMRegex.h; sourceTree = "<group>"; };
		D319BBCE145D0CAD00D2CDB3 /* GTMRegex.m */ = {isa = PBXFileReference; fileEncoding = 4; lastKnownFileType = sourcecode.c.objc; name = GTMRegex.m; path = TestSupport/GTMRegex.m; sourceTree = "<group>"; };
		D319BBCF145D0CAD00D2CDB3 /* GTMTestHTTPServer.h */ = {isa = PBXFileReference; fileEncoding = 4; lastKnownFileType = sourcecode.c.h; name = GTMTestHTTPServer.h; path = TestSupport/GTMTestHTTPServer.h; sourceTree = "<group>"; };
		D319BBD0145D0CAD00D2CDB3 /* GTMTestHTTPServer.m */ = {isa = PBXFileReference; fileEncoding = 4; lastKnownFileType = sourcecode.c.objc; name = GTMTestHTTPServer.m; path = TestSupport/GTMTestHTTPServer.m; sourceTree = "<group>"; };
		D319BBD1145D0CAD00D2CDB3 /* GTMTypeCasting.h */ = {isa = PBXFileReference; fileEncoding = 4; lastKnownFileType = sourcecode.c.h; name = GTMTypeCasting.h; path = TestSupport/GTMTypeCasting.h; sourceTree = "<group>"; };
		D319BBD2145D0CAD00D2CDB3 /* PDBackgroundHTTPServer.h */ = {isa = PBXFileReference; fileEncoding = 4; lastKnownFileType = sourcecode.c.h; name = PDBackgroundHTTPServer.h; path = TestSupport/PDBackgroundHTTPServer.h; sourceTree = "<group>"; };
		D319BBD3145D0CAD00D2CDB3 /* PDBackgroundHTTPServer.m */ = {isa = PBXFileReference; fileEncoding = 4; lastKnownFileType = sourcecode.c.objc; name = PDBackgroundHTTPServer.m; path = TestSupport/PDBackgroundHTTPServer.m; sourceTree = "<group>"; };
/* End PBXFileReference section */

/* Begin PBXFrameworksBuildPhase section */
		D319BB65145CE32800D2CDB3 /* Frameworks */ = {
			isa = PBXFrameworksBuildPhase;
			buildActionMask = 2147483647;
			files = (
				D319BBB6145CE87E00D2CDB3 /* CFNetwork.framework in Frameworks */,
				D319BB6D145CE32800D2CDB3 /* UIKit.framework in Frameworks */,
				D319BB6F145CE32900D2CDB3 /* Foundation.framework in Frameworks */,
				D319BB71145CE32900D2CDB3 /* CoreGraphics.framework in Frameworks */,
			);
			runOnlyForDeploymentPostprocessing = 0;
		};
		D319BB8B145CE32900D2CDB3 /* Frameworks */ = {
			isa = PBXFrameworksBuildPhase;
			buildActionMask = 2147483647;
			files = (
				D319BB91145CE32900D2CDB3 /* SenTestingKit.framework in Frameworks */,
				D319BB92145CE32900D2CDB3 /* UIKit.framework in Frameworks */,
				D319BB93145CE32900D2CDB3 /* Foundation.framework in Frameworks */,
				D319BBB7145CE88800D2CDB3 /* CFNetwork.framework in Frameworks */,
			);
			runOnlyForDeploymentPostprocessing = 0;
		};
/* End PBXFrameworksBuildPhase section */

/* Begin PBXGroup section */
		D319BB5D145CE32800D2CDB3 = {
			isa = PBXGroup;
			children = (
				D319BBD8145D0CB200D2CDB3 /* TestSupport */,
				D319BB72145CE32900D2CDB3 /* SyntheticServerTest */,
				D319BB96145CE32900D2CDB3 /* SyntheticServerTestTests */,
				D319BB6B145CE32800D2CDB3 /* Frameworks */,
				D319BB69145CE32800D2CDB3 /* Products */,
			);
			sourceTree = "<group>";
		};
		D319BB69145CE32800D2CDB3 /* Products */ = {
			isa = PBXGroup;
			children = (
				D319BB68145CE32800D2CDB3 /* SyntheticServerTest.app */,
				D319BB8F145CE32900D2CDB3 /* SyntheticServerTestTests.octest */,
			);
			name = Products;
			sourceTree = "<group>";
		};
		D319BB6B145CE32800D2CDB3 /* Frameworks */ = {
			isa = PBXGroup;
			children = (
				D319BBB5145CE87E00D2CDB3 /* CFNetwork.framework */,
				D319BB6C145CE32800D2CDB3 /* UIKit.framework */,
				D319BB6E145CE32800D2CDB3 /* Foundation.framework */,
				D319BB70145CE32900D2CDB3 /* CoreGraphics.framework */,
				D319BB90145CE32900D2CDB3 /* SenTestingKit.framework */,
			);
			name = Frameworks;
			sourceTree = "<group>";
		};
		D319BB72145CE32900D2CDB3 /* SyntheticServerTest */ = {
			isa = PBXGroup;
			children = (
				D319BB7B145CE32900D2CDB3 /* AppDelegate.h */,
				D319BB7C145CE32900D2CDB3 /* AppDelegate.m */,
				D319BB7E145CE32900D2CDB3 /* MainViewController.h */,
				D319BB7F145CE32900D2CDB3 /* MainViewController.m */,
				D319BB84145CE32900D2CDB3 /* MainViewController.xib */,
				D319BB73145CE32900D2CDB3 /* Supporting Files */,
			);
			path = SyntheticServerTest;
			sourceTree = "<group>";
		};
		D319BB73145CE32900D2CDB3 /* Supporting Files */ = {
			isa = PBXGroup;
			children = (
				D319BB74145CE32900D2CDB3 /* SyntheticServerTest-Info.plist */,
				D319BB75145CE32900D2CDB3 /* InfoPlist.strings */,
				D319BB78145CE32900D2CDB3 /* main.m */,
				D319BB7A145CE32900D2CDB3 /* SyntheticServerTest-Prefix.pch */,
			);
			name = "Supporting Files";
			sourceTree = "<group>";
		};
		D319BB96145CE32900D2CDB3 /* SyntheticServerTestTests */ = {
			isa = PBXGroup;
			children = (
				D319BBC1145CF73F00D2CDB3 /* TestData */,
				D319BB9D145CE32900D2CDB3 /* SyntheticServerTestTests.m */,
				D319BB97145CE32900D2CDB3 /* Supporting Files */,
			);
			path = SyntheticServerTestTests;
			sourceTree = "<group>";
		};
		D319BB97145CE32900D2CDB3 /* Supporting Files */ = {
			isa = PBXGroup;
			children = (
				D319BB98145CE32900D2CDB3 /* SyntheticServerTestTests-Info.plist */,
				D319BB99145CE32900D2CDB3 /* InfoPlist.strings */,
			);
			name = "Supporting Files";
			sourceTree = "<group>";
		};
		D319BBC1145CF73F00D2CDB3 /* TestData */ = {
			isa = PBXGroup;
			children = (
				D319BBC2145CF9C600D2CDB3 /* carlbrown.json */,
				D319BBC3145CF9C600D2CDB3 /* RegexONNSString.atom */,
				D319BBC4145CF9C600D2CDB3 /* RegexOnNSString.json */,
			);
			name = TestData;
			sourceTree = "<group>";
		};
		D319BBD8145D0CB200D2CDB3 /* TestSupport */ = {
			isa = PBXGroup;
			children = (
				D319BBC8145D0CAC00D2CDB3 /* GTMDebugSelectorValidation.h */,
				D319BBC9145D0CAD00D2CDB3 /* GTMDefines.h */,
				D319BBCA145D0CAD00D2CDB3 /* GTMGarbageCollection.h */,
				D319BBCB145D0CAD00D2CDB3 /* GTMHTTPServer.h */,
				D319BBCC145D0CAD00D2CDB3 /* GTMHTTPServer.m */,
				D319BBCD145D0CAD00D2CDB3 /* GTMRegex.h */,
				D319BBCE145D0CAD00D2CDB3 /* GTMRegex.m */,
				D319BBCF145D0CAD00D2CDB3 /* GTMTestHTTPServer.h */,
				D319BBD0145D0CAD00D2CDB3 /* GTMTestHTTPServer.m */,
				D319BBD1145D0CAD00D2CDB3 /* GTMTypeCasting.h */,
				D319BBD2145D0CAD00D2CDB3 /* PDBackgroundHTTPServer.h */,
				D319BBD3145D0CAD00D2CDB3 /* PDBackgroundHTTPServer.m */,
			);
			name = TestSupport;
			sourceTree = "<group>";
		};
/* End PBXGroup section */

/* Begin PBXNativeTarget section */
		D319BB67145CE32800D2CDB3 /* SyntheticServerTest */ = {
			isa = PBXNativeTarget;
			buildConfigurationList = D319BBA1145CE32900D2CDB3 /* Build configuration list for PBXNativeTarget "SyntheticServerTest" */;
			buildPhases = (
				D319BB64145CE32800D2CDB3 /* Sources */,
				D319BB65145CE32800D2CDB3 /* Frameworks */,
				D319BB66145CE32800D2CDB3 /* Resources */,
			);
			buildRules = (
			);
			dependencies = (
			);
			name = SyntheticServerTest;
			productName = SyntheticServerTest;
			productReference = D319BB68145CE32800D2CDB3 /* SyntheticServerTest.app */;
			productType = "com.apple.product-type.application";
		};
		D319BB8E145CE32900D2CDB3 /* SyntheticServerTestTests */ = {
			isa = PBXNativeTarget;
			buildConfigurationList = D319BBA4145CE32900D2CDB3 /* Build configuration list for PBXNativeTarget "SyntheticServerTestTests" */;
			buildPhases = (
				D319BB8A145CE32900D2CDB3 /* Sources */,
				D319BB8B145CE32900D2CDB3 /* Frameworks */,
				D319BB8C145CE32900D2CDB3 /* Resources */,
				D319BB8D145CE32900D2CDB3 /* ShellScript */,
			);
			buildRules = (
			);
			dependencies = (
				D319BB95145CE32900D2CDB3 /* PBXTargetDependency */,
			);
			name = SyntheticServerTestTests;
			productName = SyntheticServerTestTests;
			productReference = D319BB8F145CE32900D2CDB3 /* SyntheticServerTestTests.octest */;
			productType = "com.apple.product-type.bundle";
		};
/* End PBXNativeTarget section */

/* Begin PBXProject section */
		D319BB5F145CE32800D2CDB3 /* Project object */ = {
			isa = PBXProject;
			attributes = {
				LastUpgradeCheck = 0500;
				ORGANIZATIONNAME = "PDAgent, LLC";
			};
			buildConfigurationList = D319BB62145CE32800D2CDB3 /* Build configuration list for PBXProject "SyntheticServerTest" */;
			compatibilityVersion = "Xcode 3.2";
			developmentRegion = English;
			hasScannedForEncodings = 0;
			knownRegions = (
				en,
			);
			mainGroup = D319BB5D145CE32800D2CDB3;
			productRefGroup = D319BB69145CE32800D2CDB3 /* Products */;
			projectDirPath = "";
			projectRoot = "";
			targets = (
				D319BB67145CE32800D2CDB3 /* SyntheticServerTest */,
				D319BB8E145CE32900D2CDB3 /* SyntheticServerTestTests */,
			);
		};
/* End PBXProject section */

/* Begin PBXResourcesBuildPhase section */
		D319BB66145CE32800D2CDB3 /* Resources */ = {
			isa = PBXResourcesBuildPhase;
			buildActionMask = 2147483647;
			files = (
				D319BB77145CE32900D2CDB3 /* InfoPlist.strings in Resources */,
				D319BB86145CE32900D2CDB3 /* MainViewController.xib in Resources */,
			);
			runOnlyForDeploymentPostprocessing = 0;
		};
		D319BB8C145CE32900D2CDB3 /* Resources */ = {
			isa = PBXResourcesBuildPhase;
			buildActionMask = 2147483647;
			files = (
				D319BB9B145CE32900D2CDB3 /* InfoPlist.strings in Resources */,
				D319BBC5145CF9C600D2CDB3 /* carlbrown.json in Resources */,
				D319BBC6145CF9C600D2CDB3 /* RegexONNSString.atom in Resources */,
				D319BBC7145CF9C600D2CDB3 /* RegexOnNSString.json in Resources */,
			);
			runOnlyForDeploymentPostprocessing = 0;
		};
/* End PBXResourcesBuildPhase section */

/* Begin PBXShellScriptBuildPhase section */
		D319BB8D145CE32900D2CDB3 /* ShellScript */ = {
			isa = PBXShellScriptBuildPhase;
			buildActionMask = 2147483647;
			files = (
			);
			inputPaths = (
			);
			outputPaths = (
			);
			runOnlyForDeploymentPostprocessing = 0;
			shellPath = /bin/sh;
			shellScript = "# Run the unit tests in this test bundle.\n\"${SYSTEM_DEVELOPER_DIR}/Tools/RunUnitTests\"\n";
		};
/* End PBXShellScriptBuildPhase section */

/* Begin PBXSourcesBuildPhase section */
		D319BB64145CE32800D2CDB3 /* Sources */ = {
			isa = PBXSourcesBuildPhase;
			buildActionMask = 2147483647;
			files = (
				D319BB79145CE32900D2CDB3 /* main.m in Sources */,
				D319BB7D145CE32900D2CDB3 /* AppDelegate.m in Sources */,
				D319BB80145CE32900D2CDB3 /* MainViewController.m in Sources */,
			);
			runOnlyForDeploymentPostprocessing = 0;
		};
		D319BB8A145CE32900D2CDB3 /* Sources */ = {
			isa = PBXSourcesBuildPhase;
			buildActionMask = 2147483647;
			files = (
				D319BB9E145CE32900D2CDB3 /* SyntheticServerTestTests.m in Sources */,
				D319BBD4145D0CAD00D2CDB3 /* GTMHTTPServer.m in Sources */,
				D319BBD5145D0CAD00D2CDB3 /* GTMRegex.m in Sources */,
				D319BBD6145D0CAD00D2CDB3 /* GTMTestHTTPServer.m in Sources */,
				D319BBD7145D0CAD00D2CDB3 /* PDBackgroundHTTPServer.m in Sources */,
			);
			runOnlyForDeploymentPostprocessing = 0;
		};
/* End PBXSourcesBuildPhase section */

/* Begin PBXTargetDependency section */
		D319BB95145CE32900D2CDB3 /* PBXTargetDependency */ = {
			isa = PBXTargetDependency;
			target = D319BB67145CE32800D2CDB3 /* SyntheticServerTest */;
			targetProxy = D319BB94145CE32900D2CDB3 /* PBXContainerItemProxy */;
		};
/* End PBXTargetDependency section */

/* Begin PBXVariantGroup section */
		D319BB75145CE32900D2CDB3 /* InfoPlist.strings */ = {
			isa = PBXVariantGroup;
			children = (
				D319BB76145CE32900D2CDB3 /* en */,
			);
			name = InfoPlist.strings;
			sourceTree = "<group>";
		};
		D319BB84145CE32900D2CDB3 /* MainViewController.xib */ = {
			isa = PBXVariantGroup;
			children = (
				D319BB85145CE32900D2CDB3 /* en */,
			);
			name = MainViewController.xib;
			sourceTree = "<group>";
		};
		D319BB99145CE32900D2CDB3 /* InfoPlist.strings */ = {
			isa = PBXVariantGroup;
			children = (
				D319BB9A145CE32900D2CDB3 /* en */,
			);
			name = InfoPlist.strings;
			sourceTree = "<group>";
		};
/* End PBXVariantGroup section */

/* Begin XCBuildConfiguration section */
		D319BB9F145CE32900D2CDB3 /* Debug */ = {
			isa = XCBuildConfiguration;
			buildSettings = {
				ALWAYS_SEARCH_USER_PATHS = NO;
				CLANG_WARN_BOOL_CONVERSION = YES;
				CLANG_WARN_CONSTANT_CONVERSION = YES;
				CLANG_WARN_EMPTY_BODY = YES;
				CLANG_WARN_ENUM_CONVERSION = YES;
				CLANG_WARN_INT_CONVERSION = YES;
				CLANG_WARN__DUPLICATE_METHOD_MATCH = YES;
				"CODE_SIGN_IDENTITY[sdk=iphoneos*]" = "iPhone Developer";
				COPY_PHASE_STRIP = NO;
				GCC_C_LANGUAGE_STANDARD = gnu99;
				GCC_DYNAMIC_NO_PIC = NO;
				GCC_OPTIMIZATION_LEVEL = 0;
				GCC_PREPROCESSOR_DEFINITIONS = (
					"DEBUG=1",
					"$(inherited)",
				);
				GCC_SYMBOLS_PRIVATE_EXTERN = NO;
				GCC_VERSION = com.apple.compilers.llvm.clang.1_0;
				GCC_WARN_64_TO_32_BIT_CONVERSION = YES;
				GCC_WARN_ABOUT_MISSING_PROTOTYPES = YES;
				GCC_WARN_ABOUT_RETURN_TYPE = YES;
				GCC_WARN_UNDECLARED_SELECTOR = YES;
				GCC_WARN_UNINITIALIZED_AUTOS = YES;
				GCC_WARN_UNUSED_FUNCTION = YES;
				GCC_WARN_UNUSED_VARIABLE = YES;
				IPHONEOS_DEPLOYMENT_TARGET = 6.0;
				ONLY_ACTIVE_ARCH = YES;
				SDKROOT = iphoneos;
			};
			name = Debug;
		};
		D319BBA0145CE32900D2CDB3 /* Release */ = {
			isa = XCBuildConfiguration;
			buildSettings = {
				ALWAYS_SEARCH_USER_PATHS = NO;
				CLANG_WARN_BOOL_CONVERSION = YES;
				CLANG_WARN_CONSTANT_CONVERSION = YES;
				CLANG_WARN_EMPTY_BODY = YES;
				CLANG_WARN_ENUM_CONVERSION = YES;
				CLANG_WARN_INT_CONVERSION = YES;
				CLANG_WARN__DUPLICATE_METHOD_MATCH = YES;
				"CODE_SIGN_IDENTITY[sdk=iphoneos*]" = "iPhone Developer";
				COPY_PHASE_STRIP = YES;
				GCC_C_LANGUAGE_STANDARD = gnu99;
				GCC_VERSION = com.apple.compilers.llvm.clang.1_0;
				GCC_WARN_64_TO_32_BIT_CONVERSION = YES;
				GCC_WARN_ABOUT_MISSING_PROTOTYPES = YES;
				GCC_WARN_ABOUT_RETURN_TYPE = YES;
				GCC_WARN_UNDECLARED_SELECTOR = YES;
				GCC_WARN_UNINITIALIZED_AUTOS = YES;
				GCC_WARN_UNUSED_FUNCTION = YES;
				GCC_WARN_UNUSED_VARIABLE = YES;
				IPHONEOS_DEPLOYMENT_TARGET = 6.0;
				OTHER_CFLAGS = "-DNS_BLOCK_ASSERTIONS=1";
				SDKROOT = iphoneos;
				VALIDATE_PRODUCT = YES;
			};
			name = Release;
		};
		D319BBA2145CE32900D2CDB3 /* Debug */ = {
			isa = XCBuildConfiguration;
			buildSettings = {
				ARCHS = "$(ARCHS_STANDARD)";
				CLANG_ENABLE_OBJC_ARC = YES;
				GCC_PRECOMPILE_PREFIX_HEADER = YES;
				GCC_PREFIX_HEADER = "SyntheticServerTest/SyntheticServerTest-Prefix.pch";
				INFOPLIST_FILE = "SyntheticServerTest/SyntheticServerTest-Info.plist";
				ONLY_ACTIVE_ARCH = NO;
				PRODUCT_NAME = "$(TARGET_NAME)";
				WRAPPER_EXTENSION = app;
			};
			name = Debug;
		};
		D319BBA3145CE32900D2CDB3 /* Release */ = {
			isa = XCBuildConfiguration;
			buildSettings = {
				ARCHS = "$(ARCHS_STANDARD)";
				CLANG_ENABLE_OBJC_ARC = YES;
				GCC_PRECOMPILE_PREFIX_HEADER = YES;
				GCC_PREFIX_HEADER = "SyntheticServerTest/SyntheticServerTest-Prefix.pch";
				INFOPLIST_FILE = "SyntheticServerTest/SyntheticServerTest-Info.plist";
				PRODUCT_NAME = "$(TARGET_NAME)";
				WRAPPER_EXTENSION = app;
			};
			name = Release;
		};
		D319BBA5145CE32900D2CDB3 /* Debug */ = {
			isa = XCBuildConfiguration;
			buildSettings = {
				ARCHS = "$(ARCHS_STANDARD)";
				BUNDLE_LOADER = "$(BUILT_PRODUCTS_DIR)/SyntheticServerTest.app/SyntheticServerTest";
				CLANG_ENABLE_OBJC_ARC = YES;
				FRAMEWORK_SEARCH_PATHS = (
					"$(SDKROOT)/Developer/Library/Frameworks",
					"$(DEVELOPER_LIBRARY_DIR)/Frameworks",
				);
				GCC_PRECOMPILE_PREFIX_HEADER = YES;
				GCC_PREFIX_HEADER = "SyntheticServerTest/SyntheticServerTest-Prefix.pch";
				INFOPLIST_FILE = "SyntheticServerTestTests/SyntheticServerTestTests-Info.plist";
				ONLY_ACTIVE_ARCH = NO;
				PRODUCT_NAME = "$(TARGET_NAME)";
				TEST_HOST = "$(BUNDLE_LOADER)";
				WRAPPER_EXTENSION = octest;
			};
			name = Debug;
		};
		D319BBA6145CE32900D2CDB3 /* Release */ = {
			isa = XCBuildConfiguration;
			buildSettings = {
				ARCHS = "$(ARCHS_STANDARD)";
				BUNDLE_LOADER = "$(BUILT_PRODUCTS_DIR)/SyntheticServerTest.app/SyntheticServerTest";
				CLANG_ENABLE_OBJC_ARC = YES;
				FRAMEWORK_SEARCH_PATHS = (
					"$(SDKROOT)/Developer/Library/Frameworks",
					"$(DEVELOPER_LIBRARY_DIR)/Frameworks",
				);
				GCC_PRECOMPILE_PREFIX_HEADER = YES;
				GCC_PREFIX_HEADER = "SyntheticServerTest/SyntheticServerTest-Prefix.pch";
				INFOPLIST_FILE = "SyntheticServerTestTests/SyntheticServerTestTests-Info.plist";
				PRODUCT_NAME = "$(TARGET_NAME)";
				TEST_HOST = "$(BUNDLE_LOADER)";
				WRAPPER_EXTENSION = octest;
			};
			name = Release;
		};
/* End XCBuildConfiguration section */

/* Begin XCConfigurationList section */
		D319BB62145CE32800D2CDB3 /* Build configuration list for PBXProject "SyntheticServerTest" */ = {
			isa = XCConfigurationList;
			buildConfigurations = (
				D319BB9F145CE32900D2CDB3 /* Debug */,
				D319BBA0145CE32900D2CDB3 /* Release */,
			);
			defaultConfigurationIsVisible = 0;
			defaultConfigurationName = Release;
		};
		D319BBA1145CE32900D2CDB3 /* Build configuration list for PBXNativeTarget "SyntheticServerTest" */ = {
			isa = XCConfigurationList;
			buildConfigurations = (
				D319BBA2145CE32900D2CDB3 /* Debug */,
				D319BBA3145CE32900D2CDB3 /* Release */,
			);
			defaultConfigurationIsVisible = 0;
			defaultConfigurationName = Release;
		};
		D319BBA4145CE32900D2CDB3 /* Build configuration list for PBXNativeTarget "SyntheticServerTestTests" */ = {
			isa = XCConfigurationList;
			buildConfigurations = (
				D319BBA5145CE32900D2CDB3 /* Debug */,
				D319BBA6145CE32900D2CDB3 /* Release */,
			);
			defaultConfigurationIsVisible = 0;
			defaultConfigurationName = Release;
		};
/* End XCConfigurationList section */
	};
	rootObject = D319BB5F145CE32800D2CDB3 /* Project object */;
}
